PODS:
  - AFNetworking (3.1.0):
    - AFNetworking/NSURLSession (= 3.1.0)
    - AFNetworking/Reachability (= 3.1.0)
    - AFNetworking/Security (= 3.1.0)
    - AFNetworking/Serialization (= 3.1.0)
    - AFNetworking/UIKit (= 3.1.0)
  - AFNetworking/NSURLSession (3.1.0):
    - AFNetworking/Reachability
    - AFNetworking/Security
    - AFNetworking/Serialization
  - AFNetworking/Reachability (3.1.0)
  - AFNetworking/Security (3.1.0)
  - AFNetworking/Serialization (3.1.0)
  - AFNetworking/UIKit (3.1.0):
    - AFNetworking/NSURLSession
  - HYBControllerTransitions (1.0.1)
  - KIF (3.7.5):
    - KIF/Core (= 3.7.5)
  - KIF/Core (3.7.5)

DEPENDENCIES:
  - AFNetworking (~> 3.0)
  - HYBControllerTransitions (~> 1.0.0)
  - KIF (from `https://github.com/lemonadam/KIF_WS.git`, branch `master`)

SPEC REPOS:
  https://github.com/cocoapods/specs.git:
    - AFNetworking
    - HYBControllerTransitions

EXTERNAL SOURCES:
  KIF:
    :branch: master
    :git: https://github.com/lemonadam/KIF_WS.git

CHECKOUT OPTIONS:
  KIF:
    :commit: 2a75789d992b3846ebf521686c1026c2222f050b
    :git: https://github.com/lemonadam/KIF_WS.git

SPEC CHECKSUMS:
  AFNetworking: 5e0e199f73d8626b11e79750991f5d173d1f8b67
  HYBControllerTransitions: 799139b648ce07fc7bee0046eba86bf71acb4f7f
  KIF: 4794542528316338ebc6764ee76b767ac0ba2aed

PODFILE CHECKSUM: 2b26afb369583522e3bbcf9cffc52b99cd8d5563

COCOAPODS: 1.5.3
